
Microsoft Visual Studio Solution File, Format Version 12.00
# Visual Studio Version 17
VisualStudioVersion = 17.7.34031.279
MinimumVisualStudioVersion = 10.0.40219.1
Project("{FAE04EC0-301F-11D3-BF4B-00C04F79EFBC}") = "EmployeesCh12", "EmployeesCh12.csproj", "{1179D6EB-6C98-46EA-9441-2351B1945FDB}"
EndProject
Global
	GlobalSection(SolutionConfigurationPlatforms) = preSolution
		Debug|Any CPU = Debug|Any CPU
		Release|Any CPU = Release|Any CPU
	EndGlobalSection
	GlobalSection(ProjectConfigurationPlatforms) = postSolution
		{1179D6EB-6C98-46EA-9441-2351B1945FDB}.Debug|Any CPU.ActiveCfg = Debug|Any CPU
		{1179D6EB-6C98-46EA-9441-2351B1945FDB}.Debug|Any CPU.Build.0 = Debug|Any CPU
		{1179D6EB-6C98-46EA-9441-2351B1945FDB}.Release|Any CPU.ActiveCfg = Release|Any CPU
		{1179D6EB-6C98-46EA-9441-2351B1945FDB}.Release|Any CPU.Build.0 = Release|Any CPU
	EndGlobalSection
	GlobalSection(SolutionProperties) = preSolution
		HideSolutionNode = FALSE
	EndGlobalSection
	GlobalSection(ExtensibilityGlobals) = postSolution
		SolutionGuid = {42992C83-3AC7-4E1C-983D-2356123B797A}
	EndGlobalSection
EndGlobal
